
Microsoft Visual Studio Solution File, Format Version 12.00
# Visual Studio Version 16
VisualStudioVersion = 16.0.31624.102
MinimumVisualStudioVersion = 10.0.40219.1
Project("{FAE04EC0-301F-11D3-BF4B-00C04F79EFBC}") = "DemoDateTime", "DemoDateTime\DemoDateTime.csproj", "{63FED505-B4AE-445D-BF28-9C12DCBF7032}"
EndProject
Project("{FAE04EC0-301F-11D3-BF4B-00C04F79EFBC}") = "WinTestDateTime", "WinTestDateTime\WinTestDateTime.csproj", "{C6A0E1D2-9CAA-4E57-89EA-36DD2D21B409}"
EndProject
Global
	GlobalSection(SolutionConfigurationPlatforms) = preSolution
		Debug|Any CPU = Debug|Any CPU
		Release|Any CPU = Release|Any CPU
	EndGlobalSection
	GlobalSection(ProjectConfigurationPlatforms) = postSolution
		{63FED505-B4AE-445D-BF28-9C12DCBF7032}.Debug|Any CPU.ActiveCfg = Debug|Any CPU
		{63FED505-B4AE-445D-BF28-9C12DCBF7032}.Debug|Any CPU.Build.0 = Debug|Any CPU
		{63FED505-B4AE-445D-BF28-9C12DCBF7032}.Release|Any CPU.ActiveCfg = Release|Any CPU
		{63FED505-B4AE-445D-BF28-9C12DCBF7032}.Release|Any CPU.Build.0 = Release|Any CPU
		{C6A0E1D2-9CAA-4E57-89EA-36DD2D21B409}.Debug|Any CPU.ActiveCfg = Debug|Any CPU
		{C6A0E1D2-9CAA-4E57-89EA-36DD2D21B409}.Debug|Any CPU.Build.0 = Debug|Any CPU
		{C6A0E1D2-9CAA-4E57-89EA-36DD2D21B409}.Release|Any CPU.ActiveCfg = Release|Any CPU
		{C6A0E1D2-9CAA-4E57-89EA-36DD2D21B409}.Release|Any CPU.Build.0 = Release|Any CPU
	EndGlobalSection
	GlobalSection(SolutionProperties) = preSolution
		HideSolutionNode = FALSE
	EndGlobalSection
	GlobalSection(ExtensibilityGlobals) = postSolution
		SolutionGuid = {80FDD46B-12E4-4B3A-80F4-B984140C0CAF}
	EndGlobalSection
EndGlobal
